
Microsoft Visual Studio Solution File, Format Version 12.00
# Visual Studio Version 16
VisualStudioVersion = 16.0.32630.194
MinimumVisualStudioVersion = 10.0.40219.1
Project("{FAE04EC0-301F-11D3-BF4B-00C04F79EFBC}") = "ConsoleAppEjercicio02", "ConsoleAppEjercicio02\ConsoleAppEjercicio02.csproj", "{361E7106-A528-454E-BAEF-BB81F3B8ED95}"
EndProject
Global
	GlobalSection(SolutionConfigurationPlatforms) = preSolution
		Debug|Any CPU = Debug|Any CPU
		Release|Any CPU = Release|Any CPU
	EndGlobalSection
	GlobalSection(ProjectConfigurationPlatforms) = postSolution
		{361E7106-A528-454E-BAEF-BB81F3B8ED95}.Debug|Any CPU.ActiveCfg = Debug|Any CPU
		{361E7106-A528-454E-BAEF-BB81F3B8ED95}.Debug|Any CPU.Build.0 = Debug|Any CPU
		{361E7106-A528-454E-BAEF-BB81F3B8ED95}.Release|Any CPU.ActiveCfg = Release|Any CPU
		{361E7106-A528-454E-BAEF-BB81F3B8ED95}.Release|Any CPU.Build.0 = Release|Any CPU
	EndGlobalSection
	GlobalSection(SolutionProperties) = preSolution
		HideSolutionNode = FALSE
	EndGlobalSection
	GlobalSection(ExtensibilityGlobals) = postSolution
		SolutionGuid = {E14331E8-0FCE-4098-AB5C-544C05596F0C}
	EndGlobalSection
EndGlobal
